
Microsoft Visual Studio Solution File, Format Version 12.00
# Visual Studio Version 16
VisualStudioVersion = 16.0.30011.22
MinimumVisualStudioVersion = 10.0.40219.1
Project("{9A19103F-16F7-4668-BE54-9A1E7A4F7556}") = "DAL", "DAL\DAL.csproj", "{E1159BB5-EDEC-4943-8480-1E5FE05EDB58}"
EndProject
Project("{9A19103F-16F7-4668-BE54-9A1E7A4F7556}") = "Service", "Service\Service.csproj", "{926080E4-4A78-43DA-A06B-CBD2A172C9BF}"
EndProject
Project("{9A19103F-16F7-4668-BE54-9A1E7A4F7556}") = "DTO", "DTO\DTO.csproj", "{4163FFF1-E0C1-41A6-A057-8257169D68B5}"
EndProject
Project("{2150E333-8FDC-42A3-9474-1A3956D46DE8}") = "Host", "Host", "{80CE3275-BD16-4416-AD1E-71DB1519D04E}"
EndProject
Project("{2150E333-8FDC-42A3-9474-1A3956D46DE8}") = "DataBase", "DataBase", "{9E00535E-1560-46EC-8FB2-0D927E28BF5A}"
EndProject
Project("{9A19103F-16F7-4668-BE54-9A1E7A4F7556}") = "DB", "DB\DB.csproj", "{F727F101-C803-4C95-BA1B-1216DE133316}"
EndProject
Project("{FAE04EC0-301F-11D3-BF4B-00C04F79EFBC}") = "WebApi", "WebApi\WebApi.csproj", "{560E3D36-CD69-4532-874C-2E2FD8649334}"
EndProject
Global
	GlobalSection(SolutionConfigurationPlatforms) = preSolution
		Debug|Any CPU = Debug|Any CPU
		Release|Any CPU = Release|Any CPU
	EndGlobalSection
	GlobalSection(ProjectConfigurationPlatforms) = postSolution
		{E1159BB5-EDEC-4943-8480-1E5FE05EDB58}.Debug|Any CPU.ActiveCfg = Debug|Any CPU
		{E1159BB5-EDEC-4943-8480-1E5FE05EDB58}.Debug|Any CPU.Build.0 = Debug|Any CPU
		{E1159BB5-EDEC-4943-8480-1E5FE05EDB58}.Release|Any CPU.ActiveCfg = Release|Any CPU
		{E1159BB5-EDEC-4943-8480-1E5FE05EDB58}.Release|Any CPU.Build.0 = Release|Any CPU
		{926080E4-4A78-43DA-A06B-CBD2A172C9BF}.Debug|Any CPU.ActiveCfg = Debug|Any CPU
		{926080E4-4A78-43DA-A06B-CBD2A172C9BF}.Debug|Any CPU.Build.0 = Debug|Any CPU
		{926080E4-4A78-43DA-A06B-CBD2A172C9BF}.Release|Any CPU.ActiveCfg = Release|Any CPU
		{926080E4-4A78-43DA-A06B-CBD2A172C9BF}.Release|Any CPU.Build.0 = Release|Any CPU
		{4163FFF1-E0C1-41A6-A057-8257169D68B5}.Debug|Any CPU.ActiveCfg = Debug|Any CPU
		{4163FFF1-E0C1-41A6-A057-8257169D68B5}.Debug|Any CPU.Build.0 = Debug|Any CPU
		{4163FFF1-E0C1-41A6-A057-8257169D68B5}.Release|Any CPU.ActiveCfg = Release|Any CPU
		{4163FFF1-E0C1-41A6-A057-8257169D68B5}.Release|Any CPU.Build.0 = Release|Any CPU
		{F727F101-C803-4C95-BA1B-1216DE133316}.Debug|Any CPU.ActiveCfg = Debug|Any CPU
		{F727F101-C803-4C95-BA1B-1216DE133316}.Debug|Any CPU.Build.0 = Debug|Any CPU
		{F727F101-C803-4C95-BA1B-1216DE133316}.Release|Any CPU.ActiveCfg = Release|Any CPU
		{F727F101-C803-4C95-BA1B-1216DE133316}.Release|Any CPU.Build.0 = Release|Any CPU
		{560E3D36-CD69-4532-874C-2E2FD8649334}.Debug|Any CPU.ActiveCfg = Debug|Any CPU
		{560E3D36-CD69-4532-874C-2E2FD8649334}.Debug|Any CPU.Build.0 = Debug|Any CPU
		{560E3D36-CD69-4532-874C-2E2FD8649334}.Release|Any CPU.ActiveCfg = Release|Any CPU
		{560E3D36-CD69-4532-874C-2E2FD8649334}.Release|Any CPU.Build.0 = Release|Any CPU
	EndGlobalSection
	GlobalSection(SolutionProperties) = preSolution
		HideSolutionNode = FALSE
	EndGlobalSection
	GlobalSection(NestedProjects) = preSolution
		{F727F101-C803-4C95-BA1B-1216DE133316} = {9E00535E-1560-46EC-8FB2-0D927E28BF5A}
	EndGlobalSection
	GlobalSection(ExtensibilityGlobals) = postSolution
		SolutionGuid = {20FC79E2-84C5-487D-9010-9BDF1420D6C6}
	EndGlobalSection
EndGlobal
